
Microsoft Visual Studio Solution File, Format Version 12.00
# Visual Studio Version 17
VisualStudioVersion = 17.1.32421.90
MinimumVisualStudioVersion = 10.0.40219.1
Project("{9A19103F-16F7-4668-BE54-9A1E7A4F7556}") = "MenagerCore", "PasswordManagerLibrary\MenagerCore.csproj", "{7B8E35FA-AADB-4B05-A9C8-3102E4EEFDAA}"
EndProject
Project("{9A19103F-16F7-4668-BE54-9A1E7A4F7556}") = "Menager", "Menager\Menager.csproj", "{F8057D5E-CB1F-4328-8037-B1A5950F46DC}"
EndProject
Project("{FAE04EC0-301F-11D3-BF4B-00C04F79EFBC}") = "WPFPassManager", "WPFPassManager\WPFPassManager.csproj", "{3EC13C1C-E0E2-48AC-98C3-858BBD80F667}"
EndProject
Global
	GlobalSection(SolutionConfigurationPlatforms) = preSolution
		Debug|Any CPU = Debug|Any CPU
		Release|Any CPU = Release|Any CPU
	EndGlobalSection
	GlobalSection(ProjectConfigurationPlatforms) = postSolution
		{7B8E35FA-AADB-4B05-A9C8-3102E4EEFDAA}.Debug|Any CPU.ActiveCfg = Debug|Any CPU
		{7B8E35FA-AADB-4B05-A9C8-3102E4EEFDAA}.Debug|Any CPU.Build.0 = Debug|Any CPU
		{7B8E35FA-AADB-4B05-A9C8-3102E4EEFDAA}.Release|Any CPU.ActiveCfg = Release|Any CPU
		{7B8E35FA-AADB-4B05-A9C8-3102E4EEFDAA}.Release|Any CPU.Build.0 = Release|Any CPU
		{F8057D5E-CB1F-4328-8037-B1A5950F46DC}.Debug|Any CPU.ActiveCfg = Debug|Any CPU
		{F8057D5E-CB1F-4328-8037-B1A5950F46DC}.Debug|Any CPU.Build.0 = Debug|Any CPU
		{F8057D5E-CB1F-4328-8037-B1A5950F46DC}.Release|Any CPU.ActiveCfg = Release|Any CPU
		{F8057D5E-CB1F-4328-8037-B1A5950F46DC}.Release|Any CPU.Build.0 = Release|Any CPU
		{3EC13C1C-E0E2-48AC-98C3-858BBD80F667}.Debug|Any CPU.ActiveCfg = Debug|Any CPU
		{3EC13C1C-E0E2-48AC-98C3-858BBD80F667}.Debug|Any CPU.Build.0 = Debug|Any CPU
		{3EC13C1C-E0E2-48AC-98C3-858BBD80F667}.Release|Any CPU.ActiveCfg = Release|Any CPU
		{3EC13C1C-E0E2-48AC-98C3-858BBD80F667}.Release|Any CPU.Build.0 = Release|Any CPU
	EndGlobalSection
	GlobalSection(SolutionProperties) = preSolution
		HideSolutionNode = FALSE
	EndGlobalSection
	GlobalSection(ExtensibilityGlobals) = postSolution
		SolutionGuid = {6BDC088E-2685-4599-BF36-BB8DE6E3D828}
	EndGlobalSection
EndGlobal
